
Microsoft Visual Studio Solution File, Format Version 12.00
# Visual Studio Version 17
VisualStudioVersion = 17.8.34511.84
MinimumVisualStudioVersion = 10.0.40219.1
Project("{FAE04EC0-301F-11D3-BF4B-00C04F79EFBC}") = "RegistroLogin.Common", "RegistroLogin.Common\RegistroLogin.Common.csproj", "{81DB28C8-63B3-469B-9960-C6C42DC54D03}"
EndProject
Project("{FAE04EC0-301F-11D3-BF4B-00C04F79EFBC}") = "RegistroLogin.Service", "RegistroLogin.Service\RegistroLogin.Service.csproj", "{EF33DCBD-283D-4CAC-B248-B13F8B1B69D7}"
EndProject
Project("{FAE04EC0-301F-11D3-BF4B-00C04F79EFBC}") = "RegistroLogin.Data.EntityFramework", "RegistroLogin.Data.EntityFramework\RegistroLogin.Data.EntityFramework.csproj", "{A6CD8F0F-D2B5-42D1-B8BF-0AEB654D33ED}"
EndProject
Project("{FAE04EC0-301F-11D3-BF4B-00C04F79EFBC}") = "RegistroLogin.Api", "RegistroLogin.Api\RegistroLogin.Api.csproj", "{CA3C45D3-6A6E-41D1-B51C-CB7D7B7E0815}"
EndProject
Global
	GlobalSection(SolutionConfigurationPlatforms) = preSolution
		Debug|Any CPU = Debug|Any CPU
		Release|Any CPU = Release|Any CPU
	EndGlobalSection
	GlobalSection(ProjectConfigurationPlatforms) = postSolution
		{81DB28C8-63B3-469B-9960-C6C42DC54D03}.Debug|Any CPU.ActiveCfg = Debug|Any CPU
		{81DB28C8-63B3-469B-9960-C6C42DC54D03}.Debug|Any CPU.Build.0 = Debug|Any CPU
		{81DB28C8-63B3-469B-9960-C6C42DC54D03}.Release|Any CPU.ActiveCfg = Release|Any CPU
		{81DB28C8-63B3-469B-9960-C6C42DC54D03}.Release|Any CPU.Build.0 = Release|Any CPU
		{EF33DCBD-283D-4CAC-B248-B13F8B1B69D7}.Debug|Any CPU.ActiveCfg = Debug|Any CPU
		{EF33DCBD-283D-4CAC-B248-B13F8B1B69D7}.Debug|Any CPU.Build.0 = Debug|Any CPU
		{EF33DCBD-283D-4CAC-B248-B13F8B1B69D7}.Release|Any CPU.ActiveCfg = Release|Any CPU
		{EF33DCBD-283D-4CAC-B248-B13F8B1B69D7}.Release|Any CPU.Build.0 = Release|Any CPU
		{A6CD8F0F-D2B5-42D1-B8BF-0AEB654D33ED}.Debug|Any CPU.ActiveCfg = Debug|Any CPU
		{A6CD8F0F-D2B5-42D1-B8BF-0AEB654D33ED}.Debug|Any CPU.Build.0 = Debug|Any CPU
		{A6CD8F0F-D2B5-42D1-B8BF-0AEB654D33ED}.Release|Any CPU.ActiveCfg = Release|Any CPU
		{A6CD8F0F-D2B5-42D1-B8BF-0AEB654D33ED}.Release|Any CPU.Build.0 = Release|Any CPU
		{CA3C45D3-6A6E-41D1-B51C-CB7D7B7E0815}.Debug|Any CPU.ActiveCfg = Debug|Any CPU
		{CA3C45D3-6A6E-41D1-B51C-CB7D7B7E0815}.Debug|Any CPU.Build.0 = Debug|Any CPU
		{CA3C45D3-6A6E-41D1-B51C-CB7D7B7E0815}.Release|Any CPU.ActiveCfg = Release|Any CPU
		{CA3C45D3-6A6E-41D1-B51C-CB7D7B7E0815}.Release|Any CPU.Build.0 = Release|Any CPU
	EndGlobalSection
	GlobalSection(SolutionProperties) = preSolution
		HideSolutionNode = FALSE
	EndGlobalSection
	GlobalSection(ExtensibilityGlobals) = postSolution
		SolutionGuid = {0DF1EA0D-1096-454D-A1BA-F21286FA8EAD}
	EndGlobalSection
EndGlobal
